PODS:
  - ADALiOS (1.2.7)
  - Base32 (1.1.2)
  - box-ios-sdk (1.0.11):
    - box-ios-sdk/logger (= 1.0.11)
    - box-ios-sdk/no-arc (= 1.0.11)
  - box-ios-sdk/logger (1.0.11)
  - box-ios-sdk/no-arc (1.0.11):
    - box-ios-sdk/logger
  - Firebase (3.3.0):
    - Firebase/Core (= 3.3.0)
  - Firebase/Analytics (3.3.0):
    - FirebaseAnalytics (= 3.2.1)
  - Firebase/Auth (3.3.0):
    - Firebase/Analytics (= 3.3.0)
    - FirebaseAuth (= 3.0.3)
  - Firebase/Core (3.3.0):
    - Firebase/Analytics (= 3.3.0)
  - FirebaseAnalytics (3.2.1):
    - FirebaseInstanceID (~> 1.0)
    - GoogleInterchangeUtilities (~> 1.2)
    - GoogleSymbolUtilities (~> 1.1)
    - GoogleUtilities (~> 1.3)
  - FirebaseAuth (3.0.3):
    - FirebaseAnalytics (~> 3.2)
    - GoogleNetworkingUtilities (~> 1.2)
    - GoogleParsingUtilities (~> 1.1)
    - GoogleUtilities (~> 1.3)
  - FirebaseInstanceID (1.0.7)
  - GoogleAPIClient/Core (1.0.4):
    - GTMSessionFetcher (~> 1.1)
  - GoogleAPIClient/Drive (1.0.4):
    - GoogleAPIClient/Core
    - GTMSessionFetcher (~> 1.1)
  - GoogleInterchangeUtilities (1.2.1):
    - GoogleSymbolUtilities (~> 1.0)
  - GoogleNetworkingUtilities (1.2.1):
    - GoogleSymbolUtilities (~> 1.0)
  - GoogleParsingUtilities (1.1.1):
    - GoogleNetworkingUtilities (~> 1.0)
    - GoogleSymbolUtilities (~> 1.0)
  - GoogleSymbolUtilities (1.1.1)
  - GoogleUtilities (1.3.1):
    - GoogleSymbolUtilities (~> 1.0)
  - GTMOAuth2 (1.1.1):
    - GTMSessionFetcher (~> 1.1)
  - GTMSessionFetcher (1.1.4):
    - GTMSessionFetcher/Full (= 1.1.4)
  - GTMSessionFetcher/Core (1.1.4)
  - GTMSessionFetcher/Full (1.1.4):
    - GTMSessionFetcher/Core (= 1.1.4)
  - OneDriveSDK (1.2.1):
    - OneDriveSDK/Auth (= 1.2.1)
    - OneDriveSDK/Common (= 1.2.1)
    - OneDriveSDK/Extensions (= 1.2.1)
    - OneDriveSDK/Implementations (= 1.2.1)
    - OneDriveSDK/OneDriveCoreSDK (= 1.2.1)
  - OneDriveSDK/Auth (1.2.1):
    - ADALiOS (~> 1.2)
    - Base32 (~> 1.1)
    - OneDriveSDK/Common
  - OneDriveSDK/Common (1.2.1)
  - OneDriveSDK/Extensions (1.2.1):
    - OneDriveSDK/Auth
    - OneDriveSDK/Implementations
    - OneDriveSDK/OneDriveCoreSDK
  - OneDriveSDK/Implementations (1.2.1):
    - OneDriveSDK/Common
  - OneDriveSDK/OneDriveCoreSDK (1.2.1):
    - OneDriveSDK/Common

DEPENDENCIES:
  - box-ios-sdk
  - Firebase
  - Firebase/Auth
  - GoogleAPIClient/Drive (~> 1.0.2)
  - GTMOAuth2 (~> 1.1.0)
  - OneDriveSDK

SPEC CHECKSUMS:
  ADALiOS: 6b59a796c6a431a5038cfc979751fcaea2144371
  Base32: 163c298644d184e89ca4e00a996bad6bf5166390
  box-ios-sdk: a34a7c130e83e3d2380d2f6c1f16e589ba7788ba
  Firebase: 6250071f0e2440a5c4c67b8cb6b868f868237ac3
  FirebaseAnalytics: 0fd6532cb2c3d03cd5cf26ad295ccb091efd3104
  FirebaseAuth: 5efddc3fae47042b73585f083f956462be4f5b8e
  FirebaseInstanceID: a9d923f3d0b6fbf9fac89310860357aaadc34be5
  GoogleAPIClient: 4dedb6af613eb7d171814c343f8a82ee5411e13b
  GoogleInterchangeUtilities: def8415a862effc67d549d5b5b0b9c7a2f97d4de
  GoogleNetworkingUtilities: 3e83269048cfb498dc7ec83ab36813360965c74f
  GoogleParsingUtilities: 30b3896f9ee167dc78747f013d3de157ced1cadf
  GoogleSymbolUtilities: 33117db1b5f290c6fbf259585e4885b4c84b98d7
  GoogleUtilities: 56c5ac05b7aa5dc417a1bb85221a9516e04d7032
  GTMOAuth2: bdb12f3e0d2110bfe585f6151230b883beb4d042
  GTMSessionFetcher: 174bc61d5238f81f9ddb807b0b0170420f67de85
  OneDriveSDK: 85413507c4e0bef75f673d396c3a3b3b60736d64

PODFILE CHECKSUM: 39a7408a9078d2b84032ecbb18a5a69b13ec3bbe

COCOAPODS: 1.0.1
